
Microsoft Visual Studio Solution File, Format Version 12.00
# Visual Studio Version 17
VisualStudioVersion = 17.9.34728.123
MinimumVisualStudioVersion = 10.0.40219.1
Project("{FAE04EC0-301F-11D3-BF4B-00C04F79EFBC}") = "Yield project", "Yield project\Yield project.csproj", "{4AC063D7-CCD1-4810-AAEE-EC2D817AF74A}"
EndProject
Project("{FAE04EC0-301F-11D3-BF4B-00C04F79EFBC}") = "Yield", "Yield\Yield.csproj", "{31422490-3C21-43B9-BD7F-E80BA6A12C93}"
EndProject
Global
	GlobalSection(SolutionConfigurationPlatforms) = preSolution
		Debug|Any CPU = Debug|Any CPU
		Release|Any CPU = Release|Any CPU
	EndGlobalSection
	GlobalSection(ProjectConfigurationPlatforms) = postSolution
		{4AC063D7-CCD1-4810-AAEE-EC2D817AF74A}.Debug|Any CPU.ActiveCfg = Debug|Any CPU
		{4AC063D7-CCD1-4810-AAEE-EC2D817AF74A}.Debug|Any CPU.Build.0 = Debug|Any CPU
		{4AC063D7-CCD1-4810-AAEE-EC2D817AF74A}.Release|Any CPU.ActiveCfg = Release|Any CPU
		{4AC063D7-CCD1-4810-AAEE-EC2D817AF74A}.Release|Any CPU.Build.0 = Release|Any CPU
		{31422490-3C21-43B9-BD7F-E80BA6A12C93}.Debug|Any CPU.ActiveCfg = Debug|Any CPU
		{31422490-3C21-43B9-BD7F-E80BA6A12C93}.Debug|Any CPU.Build.0 = Debug|Any CPU
		{31422490-3C21-43B9-BD7F-E80BA6A12C93}.Release|Any CPU.ActiveCfg = Release|Any CPU
		{31422490-3C21-43B9-BD7F-E80BA6A12C93}.Release|Any CPU.Build.0 = Release|Any CPU
	EndGlobalSection
	GlobalSection(SolutionProperties) = preSolution
		HideSolutionNode = FALSE
	EndGlobalSection
	GlobalSection(ExtensibilityGlobals) = postSolution
		SolutionGuid = {401A9FCE-5FB4-4E84-84A7-0620765C38F1}
	EndGlobalSection
EndGlobal
